
Microsoft Visual Studio Solution File, Format Version 12.00
# Visual Studio 15
VisualStudioVersion = 15.0.26124.0
MinimumVisualStudioVersion = 15.0.26124.0
Project("{2150E333-8FDC-42A3-9474-1A3956D46DE8}") = "src", "src", "{467D171A-3EA8-4BAE-89E1-F0EAC1245245}"
EndProject
Project("{FAE04EC0-301F-11D3-BF4B-00C04F79EFBC}") = "SimpleAPI", "src\SimpleAPI\SimpleAPI.csproj", "{9FCA6E50-9F2E-41AB-8204-037C8A2FD28E}"
EndProject
Project("{2150E333-8FDC-42A3-9474-1A3956D46DE8}") = "test", "test", "{6FC3C008-5F2E-4F9B-9B09-B5AC914BC45D}"
EndProject
Project("{FAE04EC0-301F-11D3-BF4B-00C04F79EFBC}") = "SimpleAPI.TEST", "test\SimpleAPI.TEST\SimpleAPI.TEST.csproj", "{AEE322A1-533C-40CD-8B07-8BE568D13F41}"
EndProject
Global
	GlobalSection(SolutionConfigurationPlatforms) = preSolution
		Debug|Any CPU = Debug|Any CPU
		Debug|x64 = Debug|x64
		Debug|x86 = Debug|x86
		Release|Any CPU = Release|Any CPU
		Release|x64 = Release|x64
		Release|x86 = Release|x86
	EndGlobalSection
	GlobalSection(SolutionProperties) = preSolution
		HideSolutionNode = FALSE
	EndGlobalSection
	GlobalSection(ProjectConfigurationPlatforms) = postSolution
		{9FCA6E50-9F2E-41AB-8204-037C8A2FD28E}.Debug|Any CPU.ActiveCfg = Debug|Any CPU
		{9FCA6E50-9F2E-41AB-8204-037C8A2FD28E}.Debug|Any CPU.Build.0 = Debug|Any CPU
		{9FCA6E50-9F2E-41AB-8204-037C8A2FD28E}.Debug|x64.ActiveCfg = Debug|Any CPU
		{9FCA6E50-9F2E-41AB-8204-037C8A2FD28E}.Debug|x64.Build.0 = Debug|Any CPU
		{9FCA6E50-9F2E-41AB-8204-037C8A2FD28E}.Debug|x86.ActiveCfg = Debug|Any CPU
		{9FCA6E50-9F2E-41AB-8204-037C8A2FD28E}.Debug|x86.Build.0 = Debug|Any CPU
		{9FCA6E50-9F2E-41AB-8204-037C8A2FD28E}.Release|Any CPU.ActiveCfg = Release|Any CPU
		{9FCA6E50-9F2E-41AB-8204-037C8A2FD28E}.Release|Any CPU.Build.0 = Release|Any CPU
		{9FCA6E50-9F2E-41AB-8204-037C8A2FD28E}.Release|x64.ActiveCfg = Release|Any CPU
		{9FCA6E50-9F2E-41AB-8204-037C8A2FD28E}.Release|x64.Build.0 = Release|Any CPU
		{9FCA6E50-9F2E-41AB-8204-037C8A2FD28E}.Release|x86.ActiveCfg = Release|Any CPU
		{9FCA6E50-9F2E-41AB-8204-037C8A2FD28E}.Release|x86.Build.0 = Release|Any CPU
		{AEE322A1-533C-40CD-8B07-8BE568D13F41}.Debug|Any CPU.ActiveCfg = Debug|Any CPU
		{AEE322A1-533C-40CD-8B07-8BE568D13F41}.Debug|Any CPU.Build.0 = Debug|Any CPU
		{AEE322A1-533C-40CD-8B07-8BE568D13F41}.Debug|x64.ActiveCfg = Debug|Any CPU
		{AEE322A1-533C-40CD-8B07-8BE568D13F41}.Debug|x64.Build.0 = Debug|Any CPU
		{AEE322A1-533C-40CD-8B07-8BE568D13F41}.Debug|x86.ActiveCfg = Debug|Any CPU
		{AEE322A1-533C-40CD-8B07-8BE568D13F41}.Debug|x86.Build.0 = Debug|Any CPU
		{AEE322A1-533C-40CD-8B07-8BE568D13F41}.Release|Any CPU.ActiveCfg = Release|Any CPU
		{AEE322A1-533C-40CD-8B07-8BE568D13F41}.Release|Any CPU.Build.0 = Release|Any CPU
		{AEE322A1-533C-40CD-8B07-8BE568D13F41}.Release|x64.ActiveCfg = Release|Any CPU
		{AEE322A1-533C-40CD-8B07-8BE568D13F41}.Release|x64.Build.0 = Release|Any CPU
		{AEE322A1-533C-40CD-8B07-8BE568D13F41}.Release|x86.ActiveCfg = Release|Any CPU
		{AEE322A1-533C-40CD-8B07-8BE568D13F41}.Release|x86.Build.0 = Release|Any CPU
	EndGlobalSection
	GlobalSection(NestedProjects) = preSolution
		{9FCA6E50-9F2E-41AB-8204-037C8A2FD28E} = {467D171A-3EA8-4BAE-89E1-F0EAC1245245}
		{AEE322A1-533C-40CD-8B07-8BE568D13F41} = {6FC3C008-5F2E-4F9B-9B09-B5AC914BC45D}
	EndGlobalSection
EndGlobal
